
Microsoft Visual Studio Solution File, Format Version 11.00
# Visual Studio 2010
Project("{FAE04EC0-301F-11D3-BF4B-00C04F79EFBC}") = "ASLWorkflow", "ASLWorkflow\ASLWorkflow.csproj", "{77E516E1-F2FC-4D81-B122-0856B040AFB5}"
EndProject
Project("{FAE04EC0-301F-11D3-BF4B-00C04F79EFBC}") = "DataLayer", "DataLayer\DataLayer.csproj", "{40BD85E1-1B52-4E60-9864-B272082DB12E}"
EndProject
Project("{FAE04EC0-301F-11D3-BF4B-00C04F79EFBC}") = "BusinessLayer", "BusinessLayer\BusinessLayer.csproj", "{6BEB88DB-97BF-4AF4-B204-08324B63D031}"
EndProject
Project("{FAE04EC0-301F-11D3-BF4B-00C04F79EFBC}") = "DataAccessLayer", "DataAccessLayer\DataAccessLayer.csproj", "{55389285-D924-46EE-BC30-5AE0D1057DF3}"
EndProject
Global
	GlobalSection(SolutionConfigurationPlatforms) = preSolution
		Debug|Any CPU = Debug|Any CPU
		Release|Any CPU = Release|Any CPU
	EndGlobalSection
	GlobalSection(ProjectConfigurationPlatforms) = postSolution
		{77E516E1-F2FC-4D81-B122-0856B040AFB5}.Debug|Any CPU.ActiveCfg = Debug|Any CPU
		{77E516E1-F2FC-4D81-B122-0856B040AFB5}.Debug|Any CPU.Build.0 = Debug|Any CPU
		{77E516E1-F2FC-4D81-B122-0856B040AFB5}.Release|Any CPU.ActiveCfg = Release|Any CPU
		{77E516E1-F2FC-4D81-B122-0856B040AFB5}.Release|Any CPU.Build.0 = Release|Any CPU
		{40BD85E1-1B52-4E60-9864-B272082DB12E}.Debug|Any CPU.ActiveCfg = Debug|Any CPU
		{40BD85E1-1B52-4E60-9864-B272082DB12E}.Debug|Any CPU.Build.0 = Debug|Any CPU
		{40BD85E1-1B52-4E60-9864-B272082DB12E}.Release|Any CPU.ActiveCfg = Release|Any CPU
		{40BD85E1-1B52-4E60-9864-B272082DB12E}.Release|Any CPU.Build.0 = Release|Any CPU
		{6BEB88DB-97BF-4AF4-B204-08324B63D031}.Debug|Any CPU.ActiveCfg = Debug|Any CPU
		{6BEB88DB-97BF-4AF4-B204-08324B63D031}.Debug|Any CPU.Build.0 = Debug|Any CPU
		{6BEB88DB-97BF-4AF4-B204-08324B63D031}.Release|Any CPU.ActiveCfg = Release|Any CPU
		{6BEB88DB-97BF-4AF4-B204-08324B63D031}.Release|Any CPU.Build.0 = Release|Any CPU
		{55389285-D924-46EE-BC30-5AE0D1057DF3}.Debug|Any CPU.ActiveCfg = Debug|Any CPU
		{55389285-D924-46EE-BC30-5AE0D1057DF3}.Debug|Any CPU.Build.0 = Debug|Any CPU
		{55389285-D924-46EE-BC30-5AE0D1057DF3}.Release|Any CPU.ActiveCfg = Release|Any CPU
		{55389285-D924-46EE-BC30-5AE0D1057DF3}.Release|Any CPU.Build.0 = Release|Any CPU
	EndGlobalSection
	GlobalSection(SolutionProperties) = preSolution
		HideSolutionNode = FALSE
	EndGlobalSection
EndGlobal
